
Microsoft Visual Studio Solution File, Format Version 12.00
# Visual Studio 15
VisualStudioVersion = 15.0.27428.2037
MinimumVisualStudioVersion = 10.0.40219.1
Project("{D2ABAB84-BF74-430A-B69E-9DC6D40DDA17}") = "interview", "interview\interview.dwproj", "{7BCF0D66-52A0-41A5-BA8B-CD8380859EED}"
EndProject
Global
	GlobalSection(SolutionConfigurationPlatforms) = preSolution
		Development|Default = Development|Default
	EndGlobalSection
	GlobalSection(ProjectConfigurationPlatforms) = postSolution
		{7BCF0D66-52A0-41A5-BA8B-CD8380859EED}.Development|Default.ActiveCfg = Development
		{7BCF0D66-52A0-41A5-BA8B-CD8380859EED}.Development|Default.Build.0 = Development
		{7BCF0D66-52A0-41A5-BA8B-CD8380859EED}.Development|Default.Deploy.0 = Development
	EndGlobalSection
	GlobalSection(SolutionProperties) = preSolution
		HideSolutionNode = FALSE
	EndGlobalSection
	GlobalSection(ExtensibilityGlobals) = postSolution
		SolutionGuid = {602E10F1-EA94-4C20-AEF8-79E7787AC2BE}
	EndGlobalSection
EndGlobal
