
Microsoft Visual Studio Solution File, Format Version 12.00
# Visual Studio 15
VisualStudioVersion = 15.0.27428.2037
MinimumVisualStudioVersion = 10.0.40219.1
Project("{00D1A9C2-B5F0-4AF3-8072-F6C62B433612}") = "datawarehouse", "datawarehouse\datawarehouse.sqlproj", "{475E2E91-F0DD-4B61-BB9A-0185D715E8CF}"
EndProject
Global
	GlobalSection(SolutionConfigurationPlatforms) = preSolution
		Debug|Any CPU = Debug|Any CPU
		Release|Any CPU = Release|Any CPU
	EndGlobalSection
	GlobalSection(ProjectConfigurationPlatforms) = postSolution
		{475E2E91-F0DD-4B61-BB9A-0185D715E8CF}.Debug|Any CPU.ActiveCfg = Debug|Any CPU
		{475E2E91-F0DD-4B61-BB9A-0185D715E8CF}.Debug|Any CPU.Build.0 = Debug|Any CPU
		{475E2E91-F0DD-4B61-BB9A-0185D715E8CF}.Debug|Any CPU.Deploy.0 = Debug|Any CPU
		{475E2E91-F0DD-4B61-BB9A-0185D715E8CF}.Release|Any CPU.ActiveCfg = Release|Any CPU
		{475E2E91-F0DD-4B61-BB9A-0185D715E8CF}.Release|Any CPU.Build.0 = Release|Any CPU
		{475E2E91-F0DD-4B61-BB9A-0185D715E8CF}.Release|Any CPU.Deploy.0 = Release|Any CPU
	EndGlobalSection
	GlobalSection(SolutionProperties) = preSolution
		HideSolutionNode = FALSE
	EndGlobalSection
	GlobalSection(ExtensibilityGlobals) = postSolution
		SolutionGuid = {89ADC45D-34F0-40AB-A863-E2C3E526EC4F}
	EndGlobalSection
EndGlobal
